
Microsoft Visual Studio Solution File, Format Version 12.00
# Visual Studio Version 17
VisualStudioVersion = 17.13.36105.23 d17.13
MinimumVisualStudioVersion = 10.0.40219.1
Project("{54A90642-561A-4BB1-A94E-469ADEE60C69}") = "horarios", "Horarios\horarios.esproj", "{A04E52BF-9C4A-0F68-0E4D-19D5AB67DD0E}"
EndProject
Global
	GlobalSection(SolutionConfigurationPlatforms) = preSolution
		Debug|Any CPU = Debug|Any CPU
		Release|Any CPU = Release|Any CPU
	EndGlobalSection
	GlobalSection(ProjectConfigurationPlatforms) = postSolution
		{A04E52BF-9C4A-0F68-0E4D-19D5AB67DD0E}.Debug|Any CPU.ActiveCfg = Debug|Any CPU
		{A04E52BF-9C4A-0F68-0E4D-19D5AB67DD0E}.Debug|Any CPU.Build.0 = Debug|Any CPU
		{A04E52BF-9C4A-0F68-0E4D-19D5AB67DD0E}.Debug|Any CPU.Deploy.0 = Debug|Any CPU
		{A04E52BF-9C4A-0F68-0E4D-19D5AB67DD0E}.Release|Any CPU.ActiveCfg = Release|Any CPU
		{A04E52BF-9C4A-0F68-0E4D-19D5AB67DD0E}.Release|Any CPU.Build.0 = Release|Any CPU
		{A04E52BF-9C4A-0F68-0E4D-19D5AB67DD0E}.Release|Any CPU.Deploy.0 = Release|Any CPU
	EndGlobalSection
	GlobalSection(SolutionProperties) = preSolution
		HideSolutionNode = FALSE
	EndGlobalSection
	GlobalSection(ExtensibilityGlobals) = postSolution
		SolutionGuid = {34DCC6B9-1DB5-4518-9A4D-FE606EF2E4FC}
	EndGlobalSection
EndGlobal
